# This file is automatically @generated by Cargo.
# It is not intended for manual editing.
version = 4

[[package]]
name = "git-filter-tree"
version = "0.0.0"

[[package]]
name = "git-template"
version = "0.0.0"
dependencies = [
 "git-filter-tree",
 "git-vendor",
]

[[package]]
name = "git-vendor"
version = "0.0.0"
